
Microsoft Visual Studio Solution File, Format Version 12.00
# Visual Studio 15
VisualStudioVersion = 15.0.27130.2026
MinimumVisualStudioVersion = 10.0.40219.1
Project("{FAE04EC0-301F-11D3-BF4B-00C04F79EFBC}") = "SuperAdventure", "SuperAdventure\SuperAdventure.csproj", "{60B6E158-17C0-47D6-8260-102CA14A972E}"
EndProject
Project("{FAE04EC0-301F-11D3-BF4B-00C04F79EFBC}") = "Engine", "Engine\Engine.csproj", "{1D7AF038-2E1E-4638-B6D7-3A2C195166DB}"
EndProject
Global
	GlobalSection(SolutionConfigurationPlatforms) = preSolution
		Debug|Any CPU = Debug|Any CPU
		Release|Any CPU = Release|Any CPU
	EndGlobalSection
	GlobalSection(ProjectConfigurationPlatforms) = postSolution
		{60B6E158-17C0-47D6-8260-102CA14A972E}.Debug|Any CPU.ActiveCfg = Debug|Any CPU
		{60B6E158-17C0-47D6-8260-102CA14A972E}.Debug|Any CPU.Build.0 = Debug|Any CPU
		{60B6E158-17C0-47D6-8260-102CA14A972E}.Release|Any CPU.ActiveCfg = Release|Any CPU
		{60B6E158-17C0-47D6-8260-102CA14A972E}.Release|Any CPU.Build.0 = Release|Any CPU
		{1D7AF038-2E1E-4638-B6D7-3A2C195166DB}.Debug|Any CPU.ActiveCfg = Debug|Any CPU
		{1D7AF038-2E1E-4638-B6D7-3A2C195166DB}.Debug|Any CPU.Build.0 = Debug|Any CPU
		{1D7AF038-2E1E-4638-B6D7-3A2C195166DB}.Release|Any CPU.ActiveCfg = Release|Any CPU
		{1D7AF038-2E1E-4638-B6D7-3A2C195166DB}.Release|Any CPU.Build.0 = Release|Any CPU
	EndGlobalSection
	GlobalSection(SolutionProperties) = preSolution
		HideSolutionNode = FALSE
	EndGlobalSection
	GlobalSection(ExtensibilityGlobals) = postSolution
		SolutionGuid = {9D9F09B5-2A15-4067-8AD1-6844561FB38E}
	EndGlobalSection
EndGlobal
